
Microsoft Visual Studio Solution File, Format Version 12.00
# Visual Studio Version 16
VisualStudioVersion = 25.0.1706.8
MinimumVisualStudioVersion = 10.0.40219.1
Project("{FAE04EC0-301F-11D3-BF4B-00C04F79EFBC}") = "EStimLibrary", "src\EStimLibrary\EStimLibrary.csproj", "{2C009DBE-4432-4197-A2CE-965B98BC5EA9}"
EndProject
Project("{FAE04EC0-301F-11D3-BF4B-00C04F79EFBC}") = "EStimLibrary.UnitTests", "tests\EStimLibrary.UnitTests\EStimLibrary.UnitTests.csproj", "{2C243DF2-3C59-4D48-926A-BA498A41AD58}"
EndProject
Global
	GlobalSection(SolutionConfigurationPlatforms) = preSolution
		Debug|Any CPU = Debug|Any CPU
		Release|Any CPU = Release|Any CPU
	EndGlobalSection
	GlobalSection(ProjectConfigurationPlatforms) = postSolution
		{26F8B1BB-091A-486B-AB68-031BB0DF2DFD}.Debug|Any CPU.ActiveCfg = Debug|Any CPU
		{26F8B1BB-091A-486B-AB68-031BB0DF2DFD}.Debug|Any CPU.Build.0 = Debug|Any CPU
		{26F8B1BB-091A-486B-AB68-031BB0DF2DFD}.Release|Any CPU.ActiveCfg = Release|Any CPU
		{26F8B1BB-091A-486B-AB68-031BB0DF2DFD}.Release|Any CPU.Build.0 = Release|Any CPU
		{7D79771F-966E-41CC-943E-7D55010A093F}.Debug|Any CPU.ActiveCfg = Debug|Any CPU
		{7D79771F-966E-41CC-943E-7D55010A093F}.Debug|Any CPU.Build.0 = Debug|Any CPU
		{7D79771F-966E-41CC-943E-7D55010A093F}.Release|Any CPU.ActiveCfg = Release|Any CPU
		{7D79771F-966E-41CC-943E-7D55010A093F}.Release|Any CPU.Build.0 = Release|Any CPU
		{A2E624DB-2319-40B7-ABBA-2C676AB695BD}.Debug|Any CPU.ActiveCfg = Debug|Any CPU
		{A2E624DB-2319-40B7-ABBA-2C676AB695BD}.Debug|Any CPU.Build.0 = Debug|Any CPU
		{A2E624DB-2319-40B7-ABBA-2C676AB695BD}.Release|Any CPU.ActiveCfg = Release|Any CPU
		{A2E624DB-2319-40B7-ABBA-2C676AB695BD}.Release|Any CPU.Build.0 = Release|Any CPU
		{2C009DBE-4432-4197-A2CE-965B98BC5EA9}.Debug|Any CPU.ActiveCfg = Debug|Any CPU
		{2C009DBE-4432-4197-A2CE-965B98BC5EA9}.Debug|Any CPU.Build.0 = Debug|Any CPU
		{2C009DBE-4432-4197-A2CE-965B98BC5EA9}.Release|Any CPU.ActiveCfg = Release|Any CPU
		{2C009DBE-4432-4197-A2CE-965B98BC5EA9}.Release|Any CPU.Build.0 = Release|Any CPU
		{2C243DF2-3C59-4D48-926A-BA498A41AD58}.Debug|Any CPU.ActiveCfg = Debug|Any CPU
		{2C243DF2-3C59-4D48-926A-BA498A41AD58}.Debug|Any CPU.Build.0 = Debug|Any CPU
		{2C243DF2-3C59-4D48-926A-BA498A41AD58}.Release|Any CPU.ActiveCfg = Release|Any CPU
		{2C243DF2-3C59-4D48-926A-BA498A41AD58}.Release|Any CPU.Build.0 = Release|Any CPU
	EndGlobalSection
	GlobalSection(SolutionProperties) = preSolution
		HideSolutionNode = FALSE
	EndGlobalSection
	GlobalSection(ExtensibilityGlobals) = postSolution
		SolutionGuid = {4E166688-5156-47DB-B256-56C79BC157FF}
	EndGlobalSection
	GlobalSection(NestedProjects) = preSolution
		{7D79771F-966E-41CC-943E-7D55010A093F} = {13775252-7248-4F36-8426-83FBFB1A1CE6}
		{2C009DBE-4432-4197-A2CE-965B98BC5EA9} = {50CC4CE8-7105-4BEB-93C9-4470B7CD76D7}
		{2C243DF2-3C59-4D48-926A-BA498A41AD58} = {62C3E106-4EBD-4F7D-9997-FEFA37744503}
	EndGlobalSection
EndGlobal
