
Microsoft Visual Studio Solution File, Format Version 12.00
# Visual Studio Version 17
VisualStudioVersion = 17.0.31903.59
MinimumVisualStudioVersion = 10.0.40219.1
Project("{2150E333-8FDC-42A3-9474-1A3956D46DE8}") = "src", "src", "{7E35BD38-1080-4A2E-B8B4-7CB0C5C08607}"
EndProject
Project("{9A19103F-16F7-4668-BE54-9A1E7A4F7556}") = "EStimLibrary", "src\EStimLibrary\EStimLibrary.csproj", "{23710686-EDC8-41FC-AAC8-52B002F488D6}"
EndProject
Global
	GlobalSection(SolutionConfigurationPlatforms) = preSolution
		Debug|Any CPU = Debug|Any CPU
		Release|Any CPU = Release|Any CPU
	EndGlobalSection
	GlobalSection(ProjectConfigurationPlatforms) = postSolution
		{23710686-EDC8-41FC-AAC8-52B002F488D6}.Debug|Any CPU.ActiveCfg = Debug|Any CPU
		{23710686-EDC8-41FC-AAC8-52B002F488D6}.Debug|Any CPU.Build.0 = Debug|Any CPU
		{23710686-EDC8-41FC-AAC8-52B002F488D6}.Release|Any CPU.ActiveCfg = Release|Any CPU
		{23710686-EDC8-41FC-AAC8-52B002F488D6}.Release|Any CPU.Build.0 = Release|Any CPU
	EndGlobalSection
	GlobalSection(SolutionProperties) = preSolution
		HideSolutionNode = FALSE
	EndGlobalSection
	GlobalSection(NestedProjects) = preSolution
		{23710686-EDC8-41FC-AAC8-52B002F488D6} = {7E35BD38-1080-4A2E-B8B4-7CB0C5C08607}
	EndGlobalSection
	GlobalSection(ExtensibilityGlobals) = postSolution
		SolutionGuid = {FAF6FE9F-5CE1-429C-A3E8-3C31D6AC479B}
	EndGlobalSection
EndGlobal
